// !$*UTF8*$!
{
	archiveVersion = 1;
	classes = {
	};
	objectVersion = 50;
	objects = {

/* Begin PBXBuildFile section */
		F334FEB8260956DB00CC825A /* Lab_10App.swift in Sources */ = {isa = PBXBuildFile; fileRef = F334FEB7260956DB00CC825A /* Lab_10App.swift */; };
		F334FEBC260956DE00CC825A /* Assets.xcassets in Resources */ = {isa = PBXBuildFile; fileRef = F334FEBB260956DE00CC825A /* Assets.xcassets */; };
		F334FEBF260956DE00CC825A /* Preview Assets.xcassets in Resources */ = {isa = PBXBuildFile; fileRef = F334FEBE260956DE00CC825A /* Preview Assets.xcassets */; };
		F334FECA260956DE00CC825A /* Lab_10Tests.swift in Sources */ = {isa = PBXBuildFile; fileRef = F334FEC9260956DE00CC825A /* Lab_10Tests.swift */; };
		F334FED5260956DE00CC825A /* Lab_10UITests.swift in Sources */ = {isa = PBXBuildFile; fileRef = F334FED4260956DE00CC825A /* Lab_10UITests.swift */; };
		F334FEE526095C2900CC825A /* Assets.xcassets in Resources */ = {isa = PBXBuildFile; fileRef = F334FEBB260956DE00CC825A /* Assets.xcassets */; };
		F334FEE926095C2A00CC825A /* Assets.xcassets in Resources */ = {isa = PBXBuildFile; fileRef = F334FEBB260956DE00CC825A /* Assets.xcassets */; };
		F33CBEBD260A928F00F5FD33 /* LocationManager.swift in Sources */ = {isa = PBXBuildFile; fileRef = F33CBEBC260A928F00F5FD33 /* LocationManager.swift */; };
		F33CBEBE260A928F00F5FD33 /* LocationManager.swift in Sources */ = {isa = PBXBuildFile; fileRef = F33CBEBC260A928F00F5FD33 /* LocationManager.swift */; };
		F33CBEBF260A928F00F5FD33 /* LocationManager.swift in Sources */ = {isa = PBXBuildFile; fileRef = F33CBEBC260A928F00F5FD33 /* LocationManager.swift */; };
		F33CBEC4260A960C00F5FD33 /* MapView.swift in Sources */ = {isa = PBXBuildFile; fileRef = F33CBEC3260A960C00F5FD33 /* MapView.swift */; };
		F33CBEC5260A960C00F5FD33 /* MapView.swift in Sources */ = {isa = PBXBuildFile; fileRef = F33CBEC3260A960C00F5FD33 /* MapView.swift */; };
		F33CBEC6260A960C00F5FD33 /* MapView.swift in Sources */ = {isa = PBXBuildFile; fileRef = F33CBEC3260A960C00F5FD33 /* MapView.swift */; };
		F33CBED7260AAFB900F5FD33 /* MapItem.swift in Sources */ = {isa = PBXBuildFile; fileRef = F33CBED6260AAFB900F5FD33 /* MapItem.swift */; };
		F33CBED8260AAFB900F5FD33 /* MapItem.swift in Sources */ = {isa = PBXBuildFile; fileRef = F33CBED6260AAFB900F5FD33 /* MapItem.swift */; };
		F33CBED9260AAFB900F5FD33 /* MapItem.swift in Sources */ = {isa = PBXBuildFile; fileRef = F33CBED6260AAFB900F5FD33 /* MapItem.swift */; };
		F33CBEDD260AB1A400F5FD33 /* Lab_10App.swift in Sources */ = {isa = PBXBuildFile; fileRef = F334FEB7260956DB00CC825A /* Lab_10App.swift */; };
		F33CBEE1260AB1A500F5FD33 /* Lab_10App.swift in Sources */ = {isa = PBXBuildFile; fileRef = F334FEB7260956DB00CC825A /* Lab_10App.swift */; };
/* End PBXBuildFile section */

/* Begin PBXContainerItemProxy section */
		F334FEC6260956DE00CC825A /* PBXContainerItemProxy */ = {
			isa = PBXContainerItemProxy;
			containerPortal = F334FEAC260956DB00CC825A /* Project object */;
			proxyType = 1;
			remoteGlobalIDString = F334FEB3260956DB00CC825A;
			remoteInfo = "Lab 10";
		};
		F334FED1260956DE00CC825A /* PBXContainerItemProxy */ = {
			isa = PBXContainerItemProxy;
			containerPortal = F334FEAC260956DB00CC825A /* Project object */;
			proxyType = 1;
			remoteGlobalIDString = F334FEB3260956DB00CC825A;
			remoteInfo = "Lab 10";
		};
/* End PBXContainerItemProxy section */

/* Begin PBXFileReference section */
		F334FEB4260956DB00CC825A /* Lab 10.app */ = {isa = PBXFileReference; explicitFileType = wrapper.application; includeInIndex = 0; path = "Lab 10.app"; sourceTree = BUILT_PRODUCTS_DIR; };
		F334FEB7260956DB00CC825A /* Lab_10App.swift */ = {isa = PBXFileReference; lastKnownFileType = sourcecode.swift; path = Lab_10App.swift; sourceTree = "<group>"; };
		F334FEBB260956DE00CC825A /* Assets.xcassets */ = {isa = PBXFileReference; lastKnownFileType = folder.assetcatalog; path = Assets.xcassets; sourceTree = "<group>"; };
		F334FEBE260956DE00CC825A /* Preview Assets.xcassets */ = {isa = PBXFileReference; lastKnownFileType = folder.assetcatalog; path = "Preview Assets.xcassets"; sourceTree = "<group>"; };
		F334FEC0260956DE00CC825A /* Info.plist */ = {isa = PBXFileReference; lastKnownFileType = text.plist.xml; path = Info.plist; sourceTree = "<group>"; };
		F334FEC5260956DE00CC825A /* Lab 10Tests.xctest */ = {isa = PBXFileReference; explicitFileType = wrapper.cfbundle; includeInIndex = 0; path = "Lab 10Tests.xctest"; sourceTree = BUILT_PRODUCTS_DIR; };
		F334FEC9260956DE00CC825A /* Lab_10Tests.swift */ = {isa = PBXFileReference; lastKnownFileType = sourcecode.swift; path = Lab_10Tests.swift; sourceTree = "<group>"; };
		F334FECB260956DE00CC825A /* Info.plist */ = {isa = PBXFileReference; lastKnownFileType = text.plist.xml; path = Info.plist; sourceTree = "<group>"; };
		F334FED0260956DE00CC825A /* Lab 10UITests.xctest */ = {isa = PBXFileReference; explicitFileType = wrapper.cfbundle; includeInIndex = 0; path = "Lab 10UITests.xctest"; sourceTree = BUILT_PRODUCTS_DIR; };
		F334FED4260956DE00CC825A /* Lab_10UITests.swift */ = {isa = PBXFileReference; lastKnownFileType = sourcecode.swift; path = Lab_10UITests.swift; sourceTree = "<group>"; };
		F334FED6260956DE00CC825A /* Info.plist */ = {isa = PBXFileReference; lastKnownFileType = text.plist.xml; path = Info.plist; sourceTree = "<group>"; };
		F33CBEBC260A928F00F5FD33 /* LocationManager.swift */ = {isa = PBXFileReference; lastKnownFileType = sourcecode.swift; path = LocationManager.swift; sourceTree = "<group>"; };
		F33CBEC3260A960C00F5FD33 /* MapView.swift */ = {isa = PBXFileReference; lastKnownFileType = sourcecode.swift; path = MapView.swift; sourceTree = "<group>"; };
		F33CBED6260AAFB900F5FD33 /* MapItem.swift */ = {isa = PBXFileReference; lastKnownFileType = sourcecode.swift; path = MapItem.swift; sourceTree = "<group>"; };
/* End PBXFileReference section */

/* Begin PBXFrameworksBuildPhase section */
		F334FEB1260956DB00CC825A /* Frameworks */ = {
			isa = PBXFrameworksBuildPhase;
			buildActionMask = 2147483647;
			files = (
			);
			runOnlyForDeploymentPostprocessing = 0;
		};
		F334FEC2260956DE00CC825A /* Frameworks */ = {
			isa = PBXFrameworksBuildPhase;
			buildActionMask = 2147483647;
			files = (
			);
			runOnlyForDeploymentPostprocessing = 0;
		};
		F334FECD260956DE00CC825A /* Frameworks */ = {
			isa = PBXFrameworksBuildPhase;
			buildActionMask = 2147483647;
			files = (
			);
			runOnlyForDeploymentPostprocessing = 0;
		};
/* End PBXFrameworksBuildPhase section */

/* Begin PBXGroup section */
		F334FEAB260956DB00CC825A = {
			isa = PBXGroup;
			children = (
				F334FEB6260956DB00CC825A /* Lab 10 */,
				F334FEC8260956DE00CC825A /* Lab 10Tests */,
				F334FED3260956DE00CC825A /* Lab 10UITests */,
				F334FEB5260956DB00CC825A /* Products */,
			);
			sourceTree = "<group>";
		};
		F334FEB5260956DB00CC825A /* Products */ = {
			isa = PBXGroup;
			children = (
				F334FEB4260956DB00CC825A /* Lab 10.app */,
				F334FEC5260956DE00CC825A /* Lab 10Tests.xctest */,
				F334FED0260956DE00CC825A /* Lab 10UITests.xctest */,
			);
			name = Products;
			sourceTree = "<group>";
		};
		F334FEB6260956DB00CC825A /* Lab 10 */ = {
			isa = PBXGroup;
			children = (
				F334FEB7260956DB00CC825A /* Lab_10App.swift */,
				F33CBEC3260A960C00F5FD33 /* MapView.swift */,
				F33CBED6260AAFB900F5FD33 /* MapItem.swift */,
				F33CBEBC260A928F00F5FD33 /* LocationManager.swift */,
				F334FEBB260956DE00CC825A /* Assets.xcassets */,
				F334FEC0260956DE00CC825A /* Info.plist */,
				F334FEBD260956DE00CC825A /* Preview Content */,
			);
			path = "Lab 10";
			sourceTree = "<group>";
		};
		F334FEBD260956DE00CC825A /* Preview Content */ = {
			isa = PBXGroup;
			children = (
				F334FEBE260956DE00CC825A /* Preview Assets.xcassets */,
			);
			path = "Preview Content";
			sourceTree = "<group>";
		};
		F334FEC8260956DE00CC825A /* Lab 10Tests */ = {
			isa = PBXGroup;
			children = (
				F334FEC9260956DE00CC825A /* Lab_10Tests.swift */,
				F334FECB260956DE00CC825A /* Info.plist */,
			);
			path = "Lab 10Tests";
			sourceTree = "<group>";
		};
		F334FED3260956DE00CC825A /* Lab 10UITests */ = {
			isa = PBXGroup;
			children = (
				F334FED4260956DE00CC825A /* Lab_10UITests.swift */,
				F334FED6260956DE00CC825A /* Info.plist */,
			);
			path = "Lab 10UITests";
			sourceTree = "<group>";
		};
/* End PBXGroup section */

/* Begin PBXNativeTarget section */
		F334FEB3260956DB00CC825A /* Lab 10 */ = {
			isa = PBXNativeTarget;
			buildConfigurationList = F334FED9260956DE00CC825A /* Build configuration list for PBXNativeTarget "Lab 10" */;
			buildPhases = (
				F334FEB0260956DB00CC825A /* Sources */,
				F334FEB1260956DB00CC825A /* Frameworks */,
				F334FEB2260956DB00CC825A /* Resources */,
			);
			buildRules = (
			);
			dependencies = (
			);
			name = "Lab 10";
			productName = "Lab 10";
			productReference = F334FEB4260956DB00CC825A /* Lab 10.app */;
			productType = "com.apple.product-type.application";
		};
		F334FEC4260956DE00CC825A /* Lab 10Tests */ = {
			isa = PBXNativeTarget;
			buildConfigurationList = F334FEDC260956DE00CC825A /* Build configuration list for PBXNativeTarget "Lab 10Tests" */;
			buildPhases = (
				F334FEC1260956DE00CC825A /* Sources */,
				F334FEC2260956DE00CC825A /* Frameworks */,
				F334FEC3260956DE00CC825A /* Resources */,
			);
			buildRules = (
			);
			dependencies = (
				F334FEC7260956DE00CC825A /* PBXTargetDependency */,
			);
			name = "Lab 10Tests";
			productName = "Lab 10Tests";
			productReference = F334FEC5260956DE00CC825A /* Lab 10Tests.xctest */;
			productType = "com.apple.product-type.bundle.unit-test";
		};
		F334FECF260956DE00CC825A /* Lab 10UITests */ = {
			isa = PBXNativeTarget;
			buildConfigurationList = F334FEDF260956DE00CC825A /* Build configuration list for PBXNativeTarget "Lab 10UITests" */;
			buildPhases = (
				F334FECC260956DE00CC825A /* Sources */,
				F334FECD260956DE00CC825A /* Frameworks */,
				F334FECE260956DE00CC825A /* Resources */,
			);
			buildRules = (
			);
			dependencies = (
				F334FED2260956DE00CC825A /* PBXTargetDependency */,
			);
			name = "Lab 10UITests";
			productName = "Lab 10UITests";
			productReference = F334FED0260956DE00CC825A /* Lab 10UITests.xctest */;
			productType = "com.apple.product-type.bundle.ui-testing";
		};
/* End PBXNativeTarget section */

/* Begin PBXProject section */
		F334FEAC260956DB00CC825A /* Project object */ = {
			isa = PBXProject;
			attributes = {
				LastSwiftUpdateCheck = 1240;
				LastUpgradeCheck = 1240;
				TargetAttributes = {
					F334FEB3260956DB00CC825A = {
						CreatedOnToolsVersion = 12.4;
					};
					F334FEC4260956DE00CC825A = {
						CreatedOnToolsVersion = 12.4;
						TestTargetID = F334FEB3260956DB00CC825A;
					};
					F334FECF260956DE00CC825A = {
						CreatedOnToolsVersion = 12.4;
						TestTargetID = F334FEB3260956DB00CC825A;
					};
				};
			};
			buildConfigurationList = F334FEAF260956DB00CC825A /* Build configuration list for PBXProject "Lab 10" */;
			compatibilityVersion = "Xcode 9.3";
			developmentRegion = en;
			hasScannedForEncodings = 0;
			knownRegions = (
				en,
				Base,
			);
			mainGroup = F334FEAB260956DB00CC825A;
			productRefGroup = F334FEB5260956DB00CC825A /* Products */;
			projectDirPath = "";
			projectRoot = "";
			targets = (
				F334FEB3260956DB00CC825A /* Lab 10 */,
				F334FEC4260956DE00CC825A /* Lab 10Tests */,
				F334FECF260956DE00CC825A /* Lab 10UITests */,
			);
		};
/* End PBXProject section */

/* Begin PBXResourcesBuildPhase section */
		F334FEB2260956DB00CC825A /* Resources */ = {
			isa = PBXResourcesBuildPhase;
			buildActionMask = 2147483647;
			files = (
				F334FEBF260956DE00CC825A /* Preview Assets.xcassets in Resources */,
				F334FEBC260956DE00CC825A /* Assets.xcassets in Resources */,
			);
			runOnlyForDeploymentPostprocessing = 0;
		};
		F334FEC3260956DE00CC825A /* Resources */ = {
			isa = PBXResourcesBuildPhase;
			buildActionMask = 2147483647;
			files = (
				F334FEE526095C2900CC825A /* Assets.xcassets in Resources */,
			);
			runOnlyForDeploymentPostprocessing = 0;
		};
		F334FECE260956DE00CC825A /* Resources */ = {
			isa = PBXResourcesBuildPhase;
			buildActionMask = 2147483647;
			files = (
				F334FEE926095C2A00CC825A /* Assets.xcassets in Resources */,
			);
			runOnlyForDeploymentPostprocessing = 0;
		};
/* End PBXResourcesBuildPhase section */

/* Begin PBXSourcesBuildPhase section */
		F334FEB0260956DB00CC825A /* Sources */ = {
			isa = PBXSourcesBuildPhase;
			buildActionMask = 2147483647;
			files = (
				F33CBEBD260A928F00F5FD33 /* LocationManager.swift in Sources */,
				F33CBED7260AAFB900F5FD33 /* MapItem.swift in Sources */,
				F33CBEC4260A960C00F5FD33 /* MapView.swift in Sources */,
				F334FEB8260956DB00CC825A /* Lab_10App.swift in Sources */,
			);
			runOnlyForDeploymentPostprocessing = 0;
		};
		F334FEC1260956DE00CC825A /* Sources */ = {
			isa = PBXSourcesBuildPhase;
			buildActionMask = 2147483647;
			files = (
				F33CBEBE260A928F00F5FD33 /* LocationManager.swift in Sources */,
				F33CBED8260AAFB900F5FD33 /* MapItem.swift in Sources */,
				F33CBEDD260AB1A400F5FD33 /* Lab_10App.swift in Sources */,
				F33CBEC5260A960C00F5FD33 /* MapView.swift in Sources */,
				F334FECA260956DE00CC825A /* Lab_10Tests.swift in Sources */,
			);
			runOnlyForDeploymentPostprocessing = 0;
		};
		F334FECC260956DE00CC825A /* Sources */ = {
			isa = PBXSourcesBuildPhase;
			buildActionMask = 2147483647;
			files = (
				F33CBEBF260A928F00F5FD33 /* LocationManager.swift in Sources */,
				F33CBED9260AAFB900F5FD33 /* MapItem.swift in Sources */,
				F33CBEE1260AB1A500F5FD33 /* Lab_10App.swift in Sources */,
				F33CBEC6260A960C00F5FD33 /* MapView.swift in Sources */,
				F334FED5260956DE00CC825A /* Lab_10UITests.swift in Sources */,
			);
			runOnlyForDeploymentPostprocessing = 0;
		};
/* End PBXSourcesBuildPhase section */

/* Begin PBXTargetDependency section */
		F334FEC7260956DE00CC825A /* PBXTargetDependency */ = {
			isa = PBXTargetDependency;
			target = F334FEB3260956DB00CC825A /* Lab 10 */;
			targetProxy = F334FEC6260956DE00CC825A /* PBXContainerItemProxy */;
		};
		F334FED2260956DE00CC825A /* PBXTargetDependency */ = {
			isa = PBXTargetDependency;
			target = F334FEB3260956DB00CC825A /* Lab 10 */;
			targetProxy = F334FED1260956DE00CC825A /* PBXContainerItemProxy */;
		};
/* End PBXTargetDependency section */

/* Begin XCBuildConfiguration section */
		F334FED7260956DE00CC825A /* Debug */ = {
			isa = XCBuildConfiguration;
			buildSettings = {
				ALWAYS_SEARCH_USER_PATHS = NO;
				CLANG_ANALYZER_NONNULL = YES;
				CLANG_ANALYZER_NUMBER_OBJECT_CONVERSION = YES_AGGRESSIVE;
				CLANG_CXX_LANGUAGE_STANDARD = "gnu++14";
				CLANG_CXX_LIBRARY = "libc++";
				CLANG_ENABLE_MODULES = YES;
				CLANG_ENABLE_OBJC_ARC = YES;
				CLANG_ENABLE_OBJC_WEAK = YES;
				CLANG_WARN_BLOCK_CAPTURE_AUTORELEASING = YES;
				CLANG_WARN_BOOL_CONVERSION = YES;
				CLANG_WARN_COMMA = YES;
				CLANG_WARN_CONSTANT_CONVERSION = YES;
				CLANG_WARN_DEPRECATED_OBJC_IMPLEMENTATIONS = YES;
				CLANG_WARN_DIRECT_OBJC_ISA_USAGE = YES_ERROR;
				CLANG_WARN_DOCUMENTATION_COMMENTS = YES;
				CLANG_WARN_EMPTY_BODY = YES;
				CLANG_WARN_ENUM_CONVERSION = YES;
				CLANG_WARN_INFINITE_RECURSION = YES;
				CLANG_WARN_INT_CONVERSION = YES;
				CLANG_WARN_NON_LITERAL_NULL_CONVERSION = YES;
				CLANG_WARN_OBJC_IMPLICIT_RETAIN_SELF = YES;
				CLANG_WARN_OBJC_LITERAL_CONVERSION = YES;
				CLANG_WARN_OBJC_ROOT_CLASS = YES_ERROR;
				CLANG_WARN_QUOTED_INCLUDE_IN_FRAMEWORK_HEADER = YES;
				CLANG_WARN_RANGE_LOOP_ANALYSIS = YES;
				CLANG_WARN_STRICT_PROTOTYPES = YES;
				CLANG_WARN_SUSPICIOUS_MOVE = YES;
				CLANG_WARN_UNGUARDED_AVAILABILITY = YES_AGGRESSIVE;
				CLANG_WARN_UNREACHABLE_CODE = YES;
				CLANG_WARN__DUPLICATE_METHOD_MATCH = YES;
				COPY_PHASE_STRIP = NO;
				DEBUG_INFORMATION_FORMAT = dwarf;
				ENABLE_STRICT_OBJC_MSGSEND = YES;
				ENABLE_TESTABILITY = YES;
				GCC_C_LANGUAGE_STANDARD = gnu11;
				GCC_DYNAMIC_NO_PIC = NO;
				GCC_NO_COMMON_BLOCKS = YES;
				GCC_OPTIMIZATION_LEVEL = 0;
				GCC_PREPROCESSOR_DEFINITIONS = (
					"DEBUG=1",
					"$(inherited)",
				);
				GCC_WARN_64_TO_32_BIT_CONVERSION = YES;
				GCC_WARN_ABOUT_RETURN_TYPE = YES_ERROR;
				GCC_WARN_UNDECLARED_SELECTOR = YES;
				GCC_WARN_UNINITIALIZED_AUTOS = YES_AGGRESSIVE;
				GCC_WARN_UNUSED_FUNCTION = YES;
				GCC_WARN_UNUSED_VARIABLE = YES;
				IPHONEOS_DEPLOYMENT_TARGET = 14.4;
				MTL_ENABLE_DEBUG_INFO = INCLUDE_SOURCE;
				MTL_FAST_MATH = YES;
				ONLY_ACTIVE_ARCH = YES;
				SDKROOT = iphoneos;
				SWIFT_ACTIVE_COMPILATION_CONDITIONS = DEBUG;
				SWIFT_OPTIMIZATION_LEVEL = "-Onone";
			};
			name = Debug;
		};
		F334FED8260956DE00CC825A /* Release */ = {
			isa = XCBuildConfiguration;
			buildSettings = {
				ALWAYS_SEARCH_USER_PATHS = NO;
				CLANG_ANALYZER_NONNULL = YES;
				CLANG_ANALYZER_NUMBER_OBJECT_CONVERSION = YES_AGGRESSIVE;
				CLANG_CXX_LANGUAGE_STANDARD = "gnu++14";
				CLANG_CXX_LIBRARY = "libc++";
				CLANG_ENABLE_MODULES = YES;
				CLANG_ENABLE_OBJC_ARC = YES;
				CLANG_ENABLE_OBJC_WEAK = YES;
				CLANG_WARN_BLOCK_CAPTURE_AUTORELEASING = YES;
				CLANG_WARN_BOOL_CONVERSION = YES;
				CLANG_WARN_COMMA = YES;
				CLANG_WARN_CONSTANT_CONVERSION = YES;
				CLANG_WARN_DEPRECATED_OBJC_IMPLEMENTATIONS = YES;
				CLANG_WARN_DIRECT_OBJC_ISA_USAGE = YES_ERROR;
				CLANG_WARN_DOCUMENTATION_COMMENTS = YES;
				CLANG_WARN_EMPTY_BODY = YES;
				CLANG_WARN_ENUM_CONVERSION = YES;
				CLANG_WARN_INFINITE_RECURSION = YES;
				CLANG_WARN_INT_CONVERSION = YES;
				CLANG_WARN_NON_LITERAL_NULL_CONVERSION = YES;
				CLANG_WARN_OBJC_IMPLICIT_RETAIN_SELF = YES;
				CLANG_WARN_OBJC_LITERAL_CONVERSION = YES;
				CLANG_WARN_OBJC_ROOT_CLASS = YES_ERROR;
				CLANG_WARN_QUOTED_INCLUDE_IN_FRAMEWORK_HEADER = YES;
				CLANG_WARN_RANGE_LOOP_ANALYSIS = YES;
				CLANG_WARN_STRICT_PROTOTYPES = YES;
				CLANG_WARN_SUSPICIOUS_MOVE = YES;
				CLANG_WARN_UNGUARDED_AVAILABILITY = YES_AGGRESSIVE;
				CLANG_WARN_UNREACHABLE_CODE = YES;
				CLANG_WARN__DUPLICATE_METHOD_MATCH = YES;
				COPY_PHASE_STRIP = NO;
				DEBUG_INFORMATION_FORMAT = "dwarf-with-dsym";
				ENABLE_NS_ASSERTIONS = NO;
				ENABLE_STRICT_OBJC_MSGSEND = YES;
				GCC_C_LANGUAGE_STANDARD = gnu11;
				GCC_NO_COMMON_BLOCKS = YES;
				GCC_WARN_64_TO_32_BIT_CONVERSION = YES;
				GCC_WARN_ABOUT_RETURN_TYPE = YES_ERROR;
				GCC_WARN_UNDECLARED_SELECTOR = YES;
				GCC_WARN_UNINITIALIZED_AUTOS = YES_AGGRESSIVE;
				GCC_WARN_UNUSED_FUNCTION = YES;
				GCC_WARN_UNUSED_VARIABLE = YES;
				IPHONEOS_DEPLOYMENT_TARGET = 14.4;
				MTL_ENABLE_DEBUG_INFO = NO;
				MTL_FAST_MATH = YES;
				SDKROOT = iphoneos;
				SWIFT_COMPILATION_MODE = wholemodule;
				SWIFT_OPTIMIZATION_LEVEL = "-O";
				VALIDATE_PRODUCT = YES;
			};
			name = Release;
		};
		F334FEDA260956DE00CC825A /* Debug */ = {
			isa = XCBuildConfiguration;
			buildSettings = {
				ASSETCATALOG_COMPILER_APPICON_NAME = AppIcon;
				ASSETCATALOG_COMPILER_GLOBAL_ACCENT_COLOR_NAME = AccentColor;
				CODE_SIGN_STYLE = Automatic;
				DEVELOPMENT_ASSET_PATHS = "\"Lab 10/Preview Content\"";
				DEVELOPMENT_TEAM = ZC962Y38LY;
				ENABLE_PREVIEWS = YES;
				INFOPLIST_FILE = "Lab 10/Info.plist";
				IPHONEOS_DEPLOYMENT_TARGET = 14.0;
				LD_RUNPATH_SEARCH_PATHS = (
					"$(inherited)",
					"@executable_path/Frameworks",
				);
				PRODUCT_BUNDLE_IDENTIFIER = "ics224.Lab-10";
				PRODUCT_NAME = "$(TARGET_NAME)";
				SWIFT_VERSION = 5.0;
				TARGETED_DEVICE_FAMILY = "1,2";
			};
			name = Debug;
		};
		F334FEDB260956DE00CC825A /* Release */ = {
			isa = XCBuildConfiguration;
			buildSettings = {
				ASSETCATALOG_COMPILER_APPICON_NAME = AppIcon;
				ASSETCATALOG_COMPILER_GLOBAL_ACCENT_COLOR_NAME = AccentColor;
				CODE_SIGN_STYLE = Automatic;
				DEVELOPMENT_ASSET_PATHS = "\"Lab 10/Preview Content\"";
				DEVELOPMENT_TEAM = ZC962Y38LY;
				ENABLE_PREVIEWS = YES;
				INFOPLIST_FILE = "Lab 10/Info.plist";
				IPHONEOS_DEPLOYMENT_TARGET = 14.0;
				LD_RUNPATH_SEARCH_PATHS = (
					"$(inherited)",
					"@executable_path/Frameworks",
				);
				PRODUCT_BUNDLE_IDENTIFIER = "ics224.Lab-10";
				PRODUCT_NAME = "$(TARGET_NAME)";
				SWIFT_VERSION = 5.0;
				TARGETED_DEVICE_FAMILY = "1,2";
			};
			name = Release;
		};
		F334FEDD260956DE00CC825A /* Debug */ = {
			isa = XCBuildConfiguration;
			buildSettings = {
				ALWAYS_EMBED_SWIFT_STANDARD_LIBRARIES = YES;
				BUNDLE_LOADER = "$(TEST_HOST)";
				CODE_SIGN_STYLE = Automatic;
				DEVELOPMENT_TEAM = ZC962Y38LY;
				INFOPLIST_FILE = "Lab 10Tests/Info.plist";
				IPHONEOS_DEPLOYMENT_TARGET = 14.0;
				LD_RUNPATH_SEARCH_PATHS = (
					"$(inherited)",
					"@executable_path/Frameworks",
					"@loader_path/Frameworks",
				);
				PRODUCT_BUNDLE_IDENTIFIER = "ics224.Lab-10Tests";
				PRODUCT_NAME = "$(TARGET_NAME)";
				SWIFT_VERSION = 5.0;
				TARGETED_DEVICE_FAMILY = "1,2";
				TEST_HOST = "$(BUILT_PRODUCTS_DIR)/Lab 10.app/Lab 10";
			};
			name = Debug;
		};
		F334FEDE260956DE00CC825A /* Release */ = {
			isa = XCBuildConfiguration;
			buildSettings = {
				ALWAYS_EMBED_SWIFT_STANDARD_LIBRARIES = YES;
				BUNDLE_LOADER = "$(TEST_HOST)";
				CODE_SIGN_STYLE = Automatic;
				DEVELOPMENT_TEAM = ZC962Y38LY;
				INFOPLIST_FILE = "Lab 10Tests/Info.plist";
				IPHONEOS_DEPLOYMENT_TARGET = 14.0;
				LD_RUNPATH_SEARCH_PATHS = (
					"$(inherited)",
					"@executable_path/Frameworks",
					"@loader_path/Frameworks",
				);
				PRODUCT_BUNDLE_IDENTIFIER = "ics224.Lab-10Tests";
				PRODUCT_NAME = "$(TARGET_NAME)";
				SWIFT_VERSION = 5.0;
				TARGETED_DEVICE_FAMILY = "1,2";
				TEST_HOST = "$(BUILT_PRODUCTS_DIR)/Lab 10.app/Lab 10";
			};
			name = Release;
		};
		F334FEE0260956DE00CC825A /* Debug */ = {
			isa = XCBuildConfiguration;
			buildSettings = {
				ALWAYS_EMBED_SWIFT_STANDARD_LIBRARIES = YES;
				CODE_SIGN_STYLE = Automatic;
				DEVELOPMENT_TEAM = ZC962Y38LY;
				INFOPLIST_FILE = "Lab 10UITests/Info.plist";
				LD_RUNPATH_SEARCH_PATHS = (
					"$(inherited)",
					"@executable_path/Frameworks",
					"@loader_path/Frameworks",
				);
				PRODUCT_BUNDLE_IDENTIFIER = "ics224.Lab-10UITests";
				PRODUCT_NAME = "$(TARGET_NAME)";
				SWIFT_VERSION = 5.0;
				TARGETED_DEVICE_FAMILY = "1,2";
				TEST_TARGET_NAME = "Lab 10";
			};
			name = Debug;
		};
		F334FEE1260956DE00CC825A /* Release */ = {
			isa = XCBuildConfiguration;
			buildSettings = {
				ALWAYS_EMBED_SWIFT_STANDARD_LIBRARIES = YES;
				CODE_SIGN_STYLE = Automatic;
				DEVELOPMENT_TEAM = ZC962Y38LY;
				INFOPLIST_FILE = "Lab 10UITests/Info.plist";
				LD_RUNPATH_SEARCH_PATHS = (
					"$(inherited)",
					"@executable_path/Frameworks",
					"@loader_path/Frameworks",
				);
				PRODUCT_BUNDLE_IDENTIFIER = "ics224.Lab-10UITests";
				PRODUCT_NAME = "$(TARGET_NAME)";
				SWIFT_VERSION = 5.0;
				TARGETED_DEVICE_FAMILY = "1,2";
				TEST_TARGET_NAME = "Lab 10";
			};
			name = Release;
		};
/* End XCBuildConfiguration section */

/* Begin XCConfigurationList section */
		F334FEAF260956DB00CC825A /* Build configuration list for PBXProject "Lab 10" */ = {
			isa = XCConfigurationList;
			buildConfigurations = (
				F334FED7260956DE00CC825A /* Debug */,
				F334FED8260956DE00CC825A /* Release */,
			);
			defaultConfigurationIsVisible = 0;
			defaultConfigurationName = Release;
		};
		F334FED9260956DE00CC825A /* Build configuration list for PBXNativeTarget "Lab 10" */ = {
			isa = XCConfigurationList;
			buildConfigurations = (
				F334FEDA260956DE00CC825A /* Debug */,
				F334FEDB260956DE00CC825A /* Release */,
			);
			defaultConfigurationIsVisible = 0;
			defaultConfigurationName = Release;
		};
		F334FEDC260956DE00CC825A /* Build configuration list for PBXNativeTarget "Lab 10Tests" */ = {
			isa = XCConfigurationList;
			buildConfigurations = (
				F334FEDD260956DE00CC825A /* Debug */,
				F334FEDE260956DE00CC825A /* Release */,
			);
			defaultConfigurationIsVisible = 0;
			defaultConfigurationName = Release;
		};
		F334FEDF260956DE00CC825A /* Build configuration list for PBXNativeTarget "Lab 10UITests" */ = {
			isa = XCConfigurationList;
			buildConfigurations = (
				F334FEE0260956DE00CC825A /* Debug */,
				F334FEE1260956DE00CC825A /* Release */,
			);
			defaultConfigurationIsVisible = 0;
			defaultConfigurationName = Release;
		};
/* End XCConfigurationList section */
	};
	rootObject = F334FEAC260956DB00CC825A /* Project object */;
}
